
Microsoft Visual Studio Solution File, Format Version 12.00
# Visual Studio Version 16
VisualStudioVersion = 16.0.34031.81
MinimumVisualStudioVersion = 10.0.40219.1
Project("{FAE04EC0-301F-11D3-BF4B-00C04F79EFBC}") = "bank", "bank.csproj", "{54CA4B25-A78D-4EF0-9441-4344664A926A}"
EndProject
Global
	GlobalSection(SolutionConfigurationPlatforms) = preSolution
		Debug|Any CPU = Debug|Any CPU
		Release|Any CPU = Release|Any CPU
	EndGlobalSection
	GlobalSection(ProjectConfigurationPlatforms) = postSolution
		{54CA4B25-A78D-4EF0-9441-4344664A926A}.Debug|Any CPU.ActiveCfg = Debug|Any CPU
		{54CA4B25-A78D-4EF0-9441-4344664A926A}.Debug|Any CPU.Build.0 = Debug|Any CPU
		{54CA4B25-A78D-4EF0-9441-4344664A926A}.Release|Any CPU.ActiveCfg = Release|Any CPU
		{54CA4B25-A78D-4EF0-9441-4344664A926A}.Release|Any CPU.Build.0 = Release|Any CPU
	EndGlobalSection
	GlobalSection(SolutionProperties) = preSolution
		HideSolutionNode = FALSE
	EndGlobalSection
	GlobalSection(ExtensibilityGlobals) = postSolution
		SolutionGuid = {82001275-EF3E-40EE-AB8B-199155DB53D0}
	EndGlobalSection
EndGlobal
